// !$*UTF8*$!
{
	archiveVersion = 1;
	classes = {
	};
	objectVersion = 56;
	objects = {

/* Begin PBXBuildFile section */
		2E271EA929742F66002B93CC /* WidgetKit.framework in Frameworks */ = {isa = PBXBuildFile; fileRef = E0C37C3328234145007B925B /* WidgetKit.framework */; };
		2E271EAA29742F66002B93CC /* SwiftUI.framework in Frameworks */ = {isa = PBXBuildFile; fileRef = E0C37C3528234145007B925B /* SwiftUI.framework */; };
		2E271EAD29742F66002B93CC /* Widgets.swift in Sources */ = {isa = PBXBuildFile; fileRef = 2E271EAC29742F66002B93CC /* Widgets.swift */; };
		2E271EB129742F66002B93CC /* TweetWidgets.swift in Sources */ = {isa = PBXBuildFile; fileRef = 2E271EB029742F66002B93CC /* TweetWidgets.swift */; };
		2E271EB429742F67002B93CC /* Assets.xcassets in Resources */ = {isa = PBXBuildFile; fileRef = 2E271EB329742F67002B93CC /* Assets.xcassets */; };
		2E271EB629742F67002B93CC /* TweetWidgets.intentdefinition in Sources */ = {isa = PBXBuildFile; fileRef = 2E271EB229742F66002B93CC /* TweetWidgets.intentdefinition */; };
		2E271EB729742F67002B93CC /* TweetWidgets.intentdefinition in Sources */ = {isa = PBXBuildFile; fileRef = 2E271EB229742F66002B93CC /* TweetWidgets.intentdefinition */; };
		2E271EBA29742F67002B93CC /* Widgets.appex in Embed Foundation Extensions */ = {isa = PBXBuildFile; fileRef = 2E271EA829742F66002B93CC /* Widgets.appex */; platformFilter = ios; settings = {ATTRIBUTES = (RemoveHeadersOnCopy, ); }; };
		2E271EBF297437FB002B93CC /* PenguinKit in Frameworks */ = {isa = PBXBuildFile; productRef = 2E271EBE297437FB002B93CC /* PenguinKit */; };
		2E271EFE29744AE0002B93CC /* Intents.framework in Frameworks */ = {isa = PBXBuildFile; fileRef = 2E271EFD29744AE0002B93CC /* Intents.framework */; };
		2E271F0129744AE1002B93CC /* IntentHandler.swift in Sources */ = {isa = PBXBuildFile; fileRef = 2E271F0029744AE1002B93CC /* IntentHandler.swift */; };
		2E271F0529744AE1002B93CC /* TweetIntent.appex in Embed Foundation Extensions */ = {isa = PBXBuildFile; fileRef = 2E271EFC29744AE0002B93CC /* TweetIntent.appex */; platformFilter = ios; settings = {ATTRIBUTES = (RemoveHeadersOnCopy, ); }; };
		2E271F0A29744D7F002B93CC /* PenguinKit in Frameworks */ = {isa = PBXBuildFile; productRef = 2E271F0929744D7F002B93CC /* PenguinKit */; };
		2E271F0B29744DE2002B93CC /* TweetWidgets.intentdefinition in Sources */ = {isa = PBXBuildFile; fileRef = 2E271EB229742F66002B93CC /* TweetWidgets.intentdefinition */; };
		2E56134B2989FAC8006CB14F /* UniformTypeIdentifiers.framework in Frameworks */ = {isa = PBXBuildFile; fileRef = 2E56134A2989FAC8006CB14F /* UniformTypeIdentifiers.framework */; };
		2E56134E2989FAC8006CB14F /* Media.xcassets in Resources */ = {isa = PBXBuildFile; fileRef = 2E56134D2989FAC8006CB14F /* Media.xcassets */; };
		2E5613502989FAC8006CB14F /* ActionViewController.swift in Sources */ = {isa = PBXBuildFile; fileRef = 2E56134F2989FAC8006CB14F /* ActionViewController.swift */; };
		2E5613572989FAC8006CB14F /* OpenInPenguin.appex in Embed Foundation Extensions */ = {isa = PBXBuildFile; fileRef = 2E5613492989FAC8006CB14F /* OpenInPenguin.appex */; platformFilter = ios; settings = {ATTRIBUTES = (RemoveHeadersOnCopy, ); }; };
		2E56135C2989FB07006CB14F /* MainInterface.storyboard in Resources */ = {isa = PBXBuildFile; fileRef = 2E56135B2989FB07006CB14F /* MainInterface.storyboard */; };
		E0C37BC92823189D007B925B /* Assets.xcassets in Resources */ = {isa = PBXBuildFile; fileRef = E0C37BC82823189D007B925B /* Assets.xcassets */; };
		E0C37BDF28232B8B007B925B /* PenguinKit in Frameworks */ = {isa = PBXBuildFile; productRef = E0C37BDE28232B8B007B925B /* PenguinKit */; };
		E0C37C2D2823375B007B925B /* PenguinApp.swift in Sources */ = {isa = PBXBuildFile; fileRef = E0C37C2C2823375B007B925B /* PenguinApp.swift */; };
/* End PBXBuildFile section */

/* Begin PBXContainerItemProxy section */
		2E271EB829742F67002B93CC /* PBXContainerItemProxy */ = {
			isa = PBXContainerItemProxy;
			containerPortal = E0C37BB92823189A007B925B /* Project object */;
			proxyType = 1;
			remoteGlobalIDString = 2E271EA729742F66002B93CC;
			remoteInfo = WidgetsExtension;
		};
		2E271F0329744AE1002B93CC /* PBXContainerItemProxy */ = {
			isa = PBXContainerItemProxy;
			containerPortal = E0C37BB92823189A007B925B /* Project object */;
			proxyType = 1;
			remoteGlobalIDString = 2E271EFB29744AE0002B93CC;
			remoteInfo = TweetItent;
		};
		2E5613552989FAC8006CB14F /* PBXContainerItemProxy */ = {
			isa = PBXContainerItemProxy;
			containerPortal = E0C37BB92823189A007B925B /* Project object */;
			proxyType = 1;
			remoteGlobalIDString = 2E5613482989FAC8006CB14F;
			remoteInfo = Action;
		};
/* End PBXContainerItemProxy section */

/* Begin PBXCopyFilesBuildPhase section */
		E0C37C5228236A2E007B925B /* Embed Foundation Extensions */ = {
			isa = PBXCopyFilesBuildPhase;
			buildActionMask = 2147483647;
			dstPath = "";
			dstSubfolderSpec = 13;
			files = (
				2E5613572989FAC8006CB14F /* OpenInPenguin.appex in Embed Foundation Extensions */,
				2E271EBA29742F67002B93CC /* Widgets.appex in Embed Foundation Extensions */,
				2E271F0529744AE1002B93CC /* TweetIntent.appex in Embed Foundation Extensions */,
			);
			name = "Embed Foundation Extensions";
			runOnlyForDeploymentPostprocessing = 0;
		};
/* End PBXCopyFilesBuildPhase section */

/* Begin PBXFileReference section */
		2E23C33F29753CE600A63991 /* ci_post_clone.sh */ = {isa = PBXFileReference; lastKnownFileType = text.script.sh; path = ci_post_clone.sh; sourceTree = "<group>"; };
		2E271EA829742F66002B93CC /* Widgets.appex */ = {isa = PBXFileReference; explicitFileType = "wrapper.app-extension"; includeInIndex = 0; path = Widgets.appex; sourceTree = BUILT_PRODUCTS_DIR; };
		2E271EAC29742F66002B93CC /* Widgets.swift */ = {isa = PBXFileReference; lastKnownFileType = sourcecode.swift; path = Widgets.swift; sourceTree = "<group>"; };
		2E271EB029742F66002B93CC /* TweetWidgets.swift */ = {isa = PBXFileReference; lastKnownFileType = sourcecode.swift; path = TweetWidgets.swift; sourceTree = "<group>"; };
		2E271EB229742F66002B93CC /* TweetWidgets.intentdefinition */ = {isa = PBXFileReference; lastKnownFileType = file.intentdefinition; path = TweetWidgets.intentdefinition; sourceTree = "<group>"; };
		2E271EB329742F67002B93CC /* Assets.xcassets */ = {isa = PBXFileReference; lastKnownFileType = folder.assetcatalog; path = Assets.xcassets; sourceTree = "<group>"; };
		2E271EB529742F67002B93CC /* Info.plist */ = {isa = PBXFileReference; lastKnownFileType = text.plist.xml; path = Info.plist; sourceTree = "<group>"; };
		2E271EFC29744AE0002B93CC /* TweetIntent.appex */ = {isa = PBXFileReference; explicitFileType = "wrapper.app-extension"; includeInIndex = 0; path = TweetIntent.appex; sourceTree = BUILT_PRODUCTS_DIR; };
		2E271EFD29744AE0002B93CC /* Intents.framework */ = {isa = PBXFileReference; lastKnownFileType = wrapper.framework; name = Intents.framework; path = System/Library/Frameworks/Intents.framework; sourceTree = SDKROOT; };
		2E271F0029744AE1002B93CC /* IntentHandler.swift */ = {isa = PBXFileReference; lastKnownFileType = sourcecode.swift; path = IntentHandler.swift; sourceTree = "<group>"; };
		2E271F0229744AE1002B93CC /* Info.plist */ = {isa = PBXFileReference; lastKnownFileType = text.plist.xml; path = Info.plist; sourceTree = "<group>"; };
		2E271F0C29744E57002B93CC /* TweetIntent.entitlements */ = {isa = PBXFileReference; lastKnownFileType = text.plist.entitlements; path = TweetIntent.entitlements; sourceTree = "<group>"; };
		2E271F0D29744E63002B93CC /* Widgets.entitlements */ = {isa = PBXFileReference; lastKnownFileType = text.plist.entitlements; path = Widgets.entitlements; sourceTree = "<group>"; };
		2E5613492989FAC8006CB14F /* OpenInPenguin.appex */ = {isa = PBXFileReference; explicitFileType = "wrapper.app-extension"; includeInIndex = 0; path = OpenInPenguin.appex; sourceTree = BUILT_PRODUCTS_DIR; };
		2E56134A2989FAC8006CB14F /* UniformTypeIdentifiers.framework */ = {isa = PBXFileReference; lastKnownFileType = wrapper.framework; name = UniformTypeIdentifiers.framework; path = System/Library/Frameworks/UniformTypeIdentifiers.framework; sourceTree = SDKROOT; };
		2E56134D2989FAC8006CB14F /* Media.xcassets */ = {isa = PBXFileReference; lastKnownFileType = folder.assetcatalog; path = Media.xcassets; sourceTree = "<group>"; };
		2E56134F2989FAC8006CB14F /* ActionViewController.swift */ = {isa = PBXFileReference; lastKnownFileType = sourcecode.swift; path = ActionViewController.swift; sourceTree = "<group>"; };
		2E5613542989FAC8006CB14F /* Info.plist */ = {isa = PBXFileReference; lastKnownFileType = text.plist.xml; path = Info.plist; sourceTree = "<group>"; };
		2E56135B2989FB07006CB14F /* MainInterface.storyboard */ = {isa = PBXFileReference; lastKnownFileType = file.storyboard; path = MainInterface.storyboard; sourceTree = "<group>"; };
		E08260FE28CAA86100071BA9 /* Info.plist */ = {isa = PBXFileReference; lastKnownFileType = text.plist.xml; path = Info.plist; sourceTree = "<group>"; };
		E0BCD66B2823850F000FDF0D /* README.md */ = {isa = PBXFileReference; lastKnownFileType = net.daringfireball.markdown; path = README.md; sourceTree = "<group>"; };
		E0C37BC12823189A007B925B /* Penguin.app */ = {isa = PBXFileReference; explicitFileType = wrapper.application; includeInIndex = 0; path = Penguin.app; sourceTree = BUILT_PRODUCTS_DIR; };
		E0C37BC82823189D007B925B /* Assets.xcassets */ = {isa = PBXFileReference; lastKnownFileType = folder.assetcatalog; path = Assets.xcassets; sourceTree = "<group>"; };
		E0C37BCA2823189D007B925B /* Penguin.entitlements */ = {isa = PBXFileReference; lastKnownFileType = text.plist.entitlements; path = Penguin.entitlements; sourceTree = "<group>"; };
		E0C37BDC282326EF007B925B /* PenguinKit */ = {isa = PBXFileReference; lastKnownFileType = wrapper; path = PenguinKit; sourceTree = "<group>"; };
		E0C37C2C2823375B007B925B /* PenguinApp.swift */ = {isa = PBXFileReference; fileEncoding = 4; lastKnownFileType = sourcecode.swift; path = PenguinApp.swift; sourceTree = "<group>"; };
		E0C37C3328234145007B925B /* WidgetKit.framework */ = {isa = PBXFileReference; lastKnownFileType = wrapper.framework; name = WidgetKit.framework; path = System/Library/Frameworks/WidgetKit.framework; sourceTree = SDKROOT; };
		E0C37C3528234145007B925B /* SwiftUI.framework */ = {isa = PBXFileReference; lastKnownFileType = wrapper.framework; name = SwiftUI.framework; path = System/Library/Frameworks/SwiftUI.framework; sourceTree = SDKROOT; };
/* End PBXFileReference section */

/* Begin PBXFrameworksBuildPhase section */
		2E271EA529742F66002B93CC /* Frameworks */ = {
			isa = PBXFrameworksBuildPhase;
			buildActionMask = 2147483647;
			files = (
				2E271EAA29742F66002B93CC /* SwiftUI.framework in Frameworks */,
				2E271EA929742F66002B93CC /* WidgetKit.framework in Frameworks */,
				2E271EBF297437FB002B93CC /* PenguinKit in Frameworks */,
			);
			runOnlyForDeploymentPostprocessing = 0;
		};
		2E271EF929744AE0002B93CC /* Frameworks */ = {
			isa = PBXFrameworksBuildPhase;
			buildActionMask = 2147483647;
			files = (
				2E271F0A29744D7F002B93CC /* PenguinKit in Frameworks */,
				2E271EFE29744AE0002B93CC /* Intents.framework in Frameworks */,
			);
			runOnlyForDeploymentPostprocessing = 0;
		};
		2E5613462989FAC8006CB14F /* Frameworks */ = {
			isa = PBXFrameworksBuildPhase;
			buildActionMask = 2147483647;
			files = (
				2E56134B2989FAC8006CB14F /* UniformTypeIdentifiers.framework in Frameworks */,
			);
			runOnlyForDeploymentPostprocessing = 0;
		};
		E0C37BBE2823189A007B925B /* Frameworks */ = {
			isa = PBXFrameworksBuildPhase;
			buildActionMask = 2147483647;
			files = (
				E0C37BDF28232B8B007B925B /* PenguinKit in Frameworks */,
			);
			runOnlyForDeploymentPostprocessing = 0;
		};
/* End PBXFrameworksBuildPhase section */

/* Begin PBXGroup section */
		2E23C33E29753CCE00A63991 /* ci_scripts */ = {
			isa = PBXGroup;
			children = (
				2E23C33F29753CE600A63991 /* ci_post_clone.sh */,
			);
			path = ci_scripts;
			sourceTree = "<group>";
		};
		2E271EAB29742F66002B93CC /* Widgets */ = {
			isa = PBXGroup;
			children = (
				2E271EB329742F67002B93CC /* Assets.xcassets */,
				2E271F0D29744E63002B93CC /* Widgets.entitlements */,
				2E271EB529742F67002B93CC /* Info.plist */,
				2E271EAC29742F66002B93CC /* Widgets.swift */,
				2E271EB029742F66002B93CC /* TweetWidgets.swift */,
				2E271EB229742F66002B93CC /* TweetWidgets.intentdefinition */,
			);
			path = Widgets;
			sourceTree = "<group>";
		};
		2E271EFF29744AE1002B93CC /* TweetIntent */ = {
			isa = PBXGroup;
			children = (
				2E271F0C29744E57002B93CC /* TweetIntent.entitlements */,
				2E271F0029744AE1002B93CC /* IntentHandler.swift */,
				2E271F0229744AE1002B93CC /* Info.plist */,
			);
			path = TweetIntent;
			sourceTree = "<group>";
		};
		2E56134C2989FAC8006CB14F /* OpenInAction */ = {
			isa = PBXGroup;
			children = (
				2E56134D2989FAC8006CB14F /* Media.xcassets */,
				2E56134F2989FAC8006CB14F /* ActionViewController.swift */,
				2E56135B2989FB07006CB14F /* MainInterface.storyboard */,
				2E5613542989FAC8006CB14F /* Info.plist */,
			);
			path = OpenInAction;
			sourceTree = "<group>";
		};
		2EB1FB892972EAFC0088CCA6 /* App */ = {
			isa = PBXGroup;
			children = (
				E0C37BC82823189D007B925B /* Assets.xcassets */,
				E0C37BCA2823189D007B925B /* Penguin.entitlements */,
				E08260FE28CAA86100071BA9 /* Info.plist */,
				E0C37C2C2823375B007B925B /* PenguinApp.swift */,
			);
			path = App;
			sourceTree = "<group>";
		};
		E0C37BB82823189A007B925B = {
			isa = PBXGroup;
			children = (
				E0BCD66B2823850F000FDF0D /* README.md */,
				E0C37BDC282326EF007B925B /* PenguinKit */,
				2EB1FB892972EAFC0088CCA6 /* App */,
				2E271EAB29742F66002B93CC /* Widgets */,
				2E271EFF29744AE1002B93CC /* TweetIntent */,
				2E56134C2989FAC8006CB14F /* OpenInAction */,
				2E23C33E29753CCE00A63991 /* ci_scripts */,
				E0C37BDD28232B8B007B925B /* Frameworks */,
				E0C37BC22823189A007B925B /* Products */,
			);
			sourceTree = "<group>";
		};
		E0C37BC22823189A007B925B /* Products */ = {
			isa = PBXGroup;
			children = (
				E0C37BC12823189A007B925B /* Penguin.app */,
				2E271EA829742F66002B93CC /* Widgets.appex */,
				2E271EFC29744AE0002B93CC /* TweetIntent.appex */,
				2E5613492989FAC8006CB14F /* OpenInPenguin.appex */,
			);
			name = Products;
			sourceTree = "<group>";
		};
		E0C37BDD28232B8B007B925B /* Frameworks */ = {
			isa = PBXGroup;
			children = (
				E0C37C3328234145007B925B /* WidgetKit.framework */,
				E0C37C3528234145007B925B /* SwiftUI.framework */,
				2E271EFD29744AE0002B93CC /* Intents.framework */,
				2E56134A2989FAC8006CB14F /* UniformTypeIdentifiers.framework */,
			);
			name = Frameworks;
			sourceTree = "<group>";
		};
/* End PBXGroup section */

/* Begin PBXNativeTarget section */
		2E271EA729742F66002B93CC /* Widgets */ = {
			isa = PBXNativeTarget;
			buildConfigurationList = 2E271EBB29742F68002B93CC /* Build configuration list for PBXNativeTarget "Widgets" */;
			buildPhases = (
				2E271EA429742F66002B93CC /* Sources */,
				2E271EA529742F66002B93CC /* Frameworks */,
				2E271EA629742F66002B93CC /* Resources */,
			);
			buildRules = (
			);
			dependencies = (
			);
			name = Widgets;
			packageProductDependencies = (
				2E271EBE297437FB002B93CC /* PenguinKit */,
			);
			productName = WidgetsExtension;
			productReference = 2E271EA829742F66002B93CC /* Widgets.appex */;
			productType = "com.apple.product-type.app-extension";
		};
		2E271EFB29744AE0002B93CC /* TweetIntent */ = {
			isa = PBXNativeTarget;
			buildConfigurationList = 2E271F0829744AE1002B93CC /* Build configuration list for PBXNativeTarget "TweetIntent" */;
			buildPhases = (
				2E271EF829744AE0002B93CC /* Sources */,
				2E271EF929744AE0002B93CC /* Frameworks */,
				2E271EFA29744AE0002B93CC /* Resources */,
			);
			buildRules = (
			);
			dependencies = (
			);
			name = TweetIntent;
			packageProductDependencies = (
				2E271F0929744D7F002B93CC /* PenguinKit */,
			);
			productName = TweetItent;
			productReference = 2E271EFC29744AE0002B93CC /* TweetIntent.appex */;
			productType = "com.apple.product-type.app-extension";
		};
		2E5613482989FAC8006CB14F /* OpenInPenguin */ = {
			isa = PBXNativeTarget;
			buildConfigurationList = 2E56135A2989FAC8006CB14F /* Build configuration list for PBXNativeTarget "OpenInPenguin" */;
			buildPhases = (
				2E5613452989FAC8006CB14F /* Sources */,
				2E5613462989FAC8006CB14F /* Frameworks */,
				2E5613472989FAC8006CB14F /* Resources */,
			);
			buildRules = (
			);
			dependencies = (
			);
			name = OpenInPenguin;
			productName = Action;
			productReference = 2E5613492989FAC8006CB14F /* OpenInPenguin.appex */;
			productType = "com.apple.product-type.app-extension";
		};
		E0C37BC02823189A007B925B /* Penguin */ = {
			isa = PBXNativeTarget;
			buildConfigurationList = E0C37BD02823189D007B925B /* Build configuration list for PBXNativeTarget "Penguin" */;
			buildPhases = (
				E0C37BBD2823189A007B925B /* Sources */,
				E0C37BBE2823189A007B925B /* Frameworks */,
				E0C37BBF2823189A007B925B /* Resources */,
				E0C37C5228236A2E007B925B /* Embed Foundation Extensions */,
			);
			buildRules = (
			);
			dependencies = (
				2E271EB929742F67002B93CC /* PBXTargetDependency */,
				2E271F0429744AE1002B93CC /* PBXTargetDependency */,
				2E5613562989FAC8006CB14F /* PBXTargetDependency */,
			);
			name = Penguin;
			packageProductDependencies = (
				E0C37BDE28232B8B007B925B /* PenguinKit */,
			);
			productName = "Food Truck";
			productReference = E0C37BC12823189A007B925B /* Penguin.app */;
			productType = "com.apple.product-type.application";
		};
/* End PBXNativeTarget section */

/* Begin PBXProject section */
		E0C37BB92823189A007B925B /* Project object */ = {
			isa = PBXProject;
			attributes = {
				BuildIndependentTargetsInParallel = 1;
				DefaultBuildSystemTypeForWorkspace = Latest;
				LastSwiftUpdateCheck = 1420;
				LastUpgradeCheck = 1410;
				ORGANIZATIONNAME = Apple;
				TargetAttributes = {
					2E271EA729742F66002B93CC = {
						CreatedOnToolsVersion = 14.2;
					};
					2E271EFB29744AE0002B93CC = {
						CreatedOnToolsVersion = 14.2;
					};
					2E5613482989FAC8006CB14F = {
						CreatedOnToolsVersion = 14.2;
					};
					E0C37BC02823189A007B925B = {
						CreatedOnToolsVersion = 14.0;
					};
				};
			};
			buildConfigurationList = E0C37BBC2823189A007B925B /* Build configuration list for PBXProject "Penguin" */;
			compatibilityVersion = "Xcode 14.0";
			developmentRegion = en;
			hasScannedForEncodings = 0;
			knownRegions = (
				en,
				Base,
			);
			mainGroup = E0C37BB82823189A007B925B;
			productRefGroup = E0C37BC22823189A007B925B /* Products */;
			projectDirPath = "";
			projectRoot = "";
			targets = (
				E0C37BC02823189A007B925B /* Penguin */,
				2E271EA729742F66002B93CC /* Widgets */,
				2E271EFB29744AE0002B93CC /* TweetIntent */,
				2E5613482989FAC8006CB14F /* OpenInPenguin */,
			);
		};
/* End PBXProject section */

/* Begin PBXResourcesBuildPhase section */
		2E271EA629742F66002B93CC /* Resources */ = {
			isa = PBXResourcesBuildPhase;
			buildActionMask = 2147483647;
			files = (
				2E271EB429742F67002B93CC /* Assets.xcassets in Resources */,
			);
			runOnlyForDeploymentPostprocessing = 0;
		};
		2E271EFA29744AE0002B93CC /* Resources */ = {
			isa = PBXResourcesBuildPhase;
			buildActionMask = 2147483647;
			files = (
			);
			runOnlyForDeploymentPostprocessing = 0;
		};
		2E5613472989FAC8006CB14F /* Resources */ = {
			isa = PBXResourcesBuildPhase;
			buildActionMask = 2147483647;
			files = (
				2E56135C2989FB07006CB14F /* MainInterface.storyboard in Resources */,
				2E56134E2989FAC8006CB14F /* Media.xcassets in Resources */,
			);
			runOnlyForDeploymentPostprocessing = 0;
		};
		E0C37BBF2823189A007B925B /* Resources */ = {
			isa = PBXResourcesBuildPhase;
			buildActionMask = 2147483647;
			files = (
				E0C37BC92823189D007B925B /* Assets.xcassets in Resources */,
			);
			runOnlyForDeploymentPostprocessing = 0;
		};
/* End PBXResourcesBuildPhase section */

/* Begin PBXSourcesBuildPhase section */
		2E271EA429742F66002B93CC /* Sources */ = {
			isa = PBXSourcesBuildPhase;
			buildActionMask = 2147483647;
			files = (
				2E271EB629742F67002B93CC /* TweetWidgets.intentdefinition in Sources */,
				2E271EB129742F66002B93CC /* TweetWidgets.swift in Sources */,
				2E271EAD29742F66002B93CC /* Widgets.swift in Sources */,
			);
			runOnlyForDeploymentPostprocessing = 0;
		};
		2E271EF829744AE0002B93CC /* Sources */ = {
			isa = PBXSourcesBuildPhase;
			buildActionMask = 2147483647;
			files = (
				2E271F0B29744DE2002B93CC /* TweetWidgets.intentdefinition in Sources */,
				2E271F0129744AE1002B93CC /* IntentHandler.swift in Sources */,
			);
			runOnlyForDeploymentPostprocessing = 0;
		};
		2E5613452989FAC8006CB14F /* Sources */ = {
			isa = PBXSourcesBuildPhase;
			buildActionMask = 2147483647;
			files = (
				2E5613502989FAC8006CB14F /* ActionViewController.swift in Sources */,
			);
			runOnlyForDeploymentPostprocessing = 0;
		};
		E0C37BBD2823189A007B925B /* Sources */ = {
			isa = PBXSourcesBuildPhase;
			buildActionMask = 2147483647;
			files = (
				2E271EB729742F67002B93CC /* TweetWidgets.intentdefinition in Sources */,
				E0C37C2D2823375B007B925B /* PenguinApp.swift in Sources */,
			);
			runOnlyForDeploymentPostprocessing = 0;
		};
/* End PBXSourcesBuildPhase section */

/* Begin PBXTargetDependency section */
		2E271EB929742F67002B93CC /* PBXTargetDependency */ = {
			isa = PBXTargetDependency;
			platformFilter = ios;
			target = 2E271EA729742F66002B93CC /* Widgets */;
			targetProxy = 2E271EB829742F67002B93CC /* PBXContainerItemProxy */;
		};
		2E271F0429744AE1002B93CC /* PBXTargetDependency */ = {
			isa = PBXTargetDependency;
			platformFilter = ios;
			target = 2E271EFB29744AE0002B93CC /* TweetIntent */;
			targetProxy = 2E271F0329744AE1002B93CC /* PBXContainerItemProxy */;
		};
		2E5613562989FAC8006CB14F /* PBXTargetDependency */ = {
			isa = PBXTargetDependency;
			platformFilter = ios;
			target = 2E5613482989FAC8006CB14F /* OpenInPenguin */;
			targetProxy = 2E5613552989FAC8006CB14F /* PBXContainerItemProxy */;
		};
/* End PBXTargetDependency section */

/* Begin XCBuildConfiguration section */
		2E271EBC29742F68002B93CC /* Debug */ = {
			isa = XCBuildConfiguration;
			buildSettings = {
				ASSETCATALOG_COMPILER_GLOBAL_ACCENT_COLOR_NAME = AccentColor;
				ASSETCATALOG_COMPILER_WIDGET_BACKGROUND_COLOR_NAME = WidgetBackground;
				CLANG_CXX_LANGUAGE_STANDARD = "gnu++20";
				CODE_SIGN_ENTITLEMENTS = Widgets/Widgets.entitlements;
				CODE_SIGN_IDENTITY = "Apple Development";
				CODE_SIGN_STYLE = Automatic;
				CURRENT_PROJECT_VERSION = 1;
				DEVELOPMENT_TEAM = PU5HXZ4FZ2;
				GENERATE_INFOPLIST_FILE = YES;
				INFOPLIST_FILE = Widgets/Info.plist;
				INFOPLIST_KEY_CFBundleDisplayName = Widgets;
				INFOPLIST_KEY_NSHumanReadableCopyright = "Copyright © 2023 Apple. All rights reserved.";
				IPHONEOS_DEPLOYMENT_TARGET = 16.2;
				LD_RUNPATH_SEARCH_PATHS = (
					"$(inherited)",
					"@executable_path/Frameworks",
					"@executable_path/../../Frameworks",
				);
				MARKETING_VERSION = 1.2.0;
				PRODUCT_BUNDLE_IDENTIFIER = com.zunda.penguin.widgets;
				PRODUCT_NAME = "$(TARGET_NAME)";
				SDKROOT = iphoneos;
				SKIP_INSTALL = YES;
				SWIFT_EMIT_LOC_STRINGS = YES;
				SWIFT_VERSION = 5.0;
				TARGETED_DEVICE_FAMILY = "1,2";
			};
			name = Debug;
		};
		2E271EBD29742F68002B93CC /* Release */ = {
			isa = XCBuildConfiguration;
			buildSettings = {
				ASSETCATALOG_COMPILER_GLOBAL_ACCENT_COLOR_NAME = AccentColor;
				ASSETCATALOG_COMPILER_WIDGET_BACKGROUND_COLOR_NAME = WidgetBackground;
				CLANG_CXX_LANGUAGE_STANDARD = "gnu++20";
				CODE_SIGN_ENTITLEMENTS = Widgets/Widgets.entitlements;
				CODE_SIGN_IDENTITY = "Apple Development";
				CODE_SIGN_STYLE = Automatic;
				CURRENT_PROJECT_VERSION = 1;
				DEVELOPMENT_TEAM = PU5HXZ4FZ2;
				GENERATE_INFOPLIST_FILE = YES;
				INFOPLIST_FILE = Widgets/Info.plist;
				INFOPLIST_KEY_CFBundleDisplayName = Widgets;
				INFOPLIST_KEY_NSHumanReadableCopyright = "Copyright © 2023 Apple. All rights reserved.";
				IPHONEOS_DEPLOYMENT_TARGET = 16.2;
				LD_RUNPATH_SEARCH_PATHS = (
					"$(inherited)",
					"@executable_path/Frameworks",
					"@executable_path/../../Frameworks",
				);
				MARKETING_VERSION = 1.2.0;
				PRODUCT_BUNDLE_IDENTIFIER = com.zunda.penguin.widgets;
				PRODUCT_NAME = "$(TARGET_NAME)";
				SDKROOT = iphoneos;
				SKIP_INSTALL = YES;
				SWIFT_EMIT_LOC_STRINGS = YES;
				SWIFT_VERSION = 5.0;
				TARGETED_DEVICE_FAMILY = "1,2";
				VALIDATE_PRODUCT = YES;
			};
			name = Release;
		};
		2E271F0629744AE1002B93CC /* Debug */ = {
			isa = XCBuildConfiguration;
			buildSettings = {
				CLANG_CXX_LANGUAGE_STANDARD = "gnu++20";
				CODE_SIGN_ENTITLEMENTS = TweetIntent/TweetIntent.entitlements;
				CODE_SIGN_IDENTITY = "Apple Development";
				CODE_SIGN_STYLE = Automatic;
				CURRENT_PROJECT_VERSION = 1;
				DEVELOPMENT_TEAM = PU5HXZ4FZ2;
				GENERATE_INFOPLIST_FILE = YES;
				INFOPLIST_FILE = TweetIntent/Info.plist;
				INFOPLIST_KEY_CFBundleDisplayName = TweetIntent;
				INFOPLIST_KEY_NSHumanReadableCopyright = "Copyright © 2023 Apple. All rights reserved.";
				IPHONEOS_DEPLOYMENT_TARGET = 16.2;
				LD_RUNPATH_SEARCH_PATHS = (
					"$(inherited)",
					"@executable_path/Frameworks",
					"@executable_path/../../Frameworks",
				);
				MARKETING_VERSION = 1.2.0;
				PRODUCT_BUNDLE_IDENTIFIER = com.zunda.penguin.TweetIntent;
				PRODUCT_NAME = "$(TARGET_NAME)";
				SDKROOT = iphoneos;
				SKIP_INSTALL = YES;
				SWIFT_EMIT_LOC_STRINGS = YES;
				SWIFT_VERSION = 5.0;
				TARGETED_DEVICE_FAMILY = "1,2";
			};
			name = Debug;
		};
		2E271F0729744AE1002B93CC /* Release */ = {
			isa = XCBuildConfiguration;
			buildSettings = {
				CLANG_CXX_LANGUAGE_STANDARD = "gnu++20";
				CODE_SIGN_ENTITLEMENTS = TweetIntent/TweetIntent.entitlements;
				CODE_SIGN_IDENTITY = "Apple Development";
				CODE_SIGN_STYLE = Automatic;
				CURRENT_PROJECT_VERSION = 1;
				DEVELOPMENT_TEAM = PU5HXZ4FZ2;
				GENERATE_INFOPLIST_FILE = YES;
				INFOPLIST_FILE = TweetIntent/Info.plist;
				INFOPLIST_KEY_CFBundleDisplayName = TweetIntent;
				INFOPLIST_KEY_NSHumanReadableCopyright = "Copyright © 2023 Apple. All rights reserved.";
				IPHONEOS_DEPLOYMENT_TARGET = 16.2;
				LD_RUNPATH_SEARCH_PATHS = (
					"$(inherited)",
					"@executable_path/Frameworks",
					"@executable_path/../../Frameworks",
				);
				MARKETING_VERSION = 1.2.0;
				PRODUCT_BUNDLE_IDENTIFIER = com.zunda.penguin.TweetIntent;
				PRODUCT_NAME = "$(TARGET_NAME)";
				SDKROOT = iphoneos;
				SKIP_INSTALL = YES;
				SWIFT_EMIT_LOC_STRINGS = YES;
				SWIFT_VERSION = 5.0;
				TARGETED_DEVICE_FAMILY = "1,2";
				VALIDATE_PRODUCT = YES;
			};
			name = Release;
		};
		2E5613582989FAC8006CB14F /* Debug */ = {
			isa = XCBuildConfiguration;
			buildSettings = {
				ASSETCATALOG_COMPILER_APPICON_NAME = AppIcon;
				CLANG_CXX_LANGUAGE_STANDARD = "gnu++20";
				CODE_SIGN_IDENTITY = "Apple Development";
				CODE_SIGN_STYLE = Automatic;
				CURRENT_PROJECT_VERSION = 1;
				DEVELOPMENT_TEAM = PU5HXZ4FZ2;
				GENERATE_INFOPLIST_FILE = YES;
				INFOPLIST_FILE = OpenInAction/Info.plist;
				INFOPLIST_KEY_CFBundleDisplayName = "Open In Penguin";
				INFOPLIST_KEY_NSHumanReadableCopyright = "Copyright © 2023 Apple. All rights reserved.";
				IPHONEOS_DEPLOYMENT_TARGET = 16.2;
				LD_RUNPATH_SEARCH_PATHS = (
					"$(inherited)",
					"@executable_path/Frameworks",
					"@executable_path/../../Frameworks",
				);
				MARKETING_VERSION = 1.2.0;
				PRODUCT_BUNDLE_IDENTIFIER = com.zunda.penguin.openinpenguin;
				PRODUCT_NAME = "$(TARGET_NAME)";
				SDKROOT = iphoneos;
				SKIP_INSTALL = YES;
				SWIFT_EMIT_LOC_STRINGS = YES;
				SWIFT_VERSION = 5.0;
				TARGETED_DEVICE_FAMILY = "1,2";
			};
			name = Debug;
		};
		2E5613592989FAC8006CB14F /* Release */ = {
			isa = XCBuildConfiguration;
			buildSettings = {
				ASSETCATALOG_COMPILER_APPICON_NAME = AppIcon;
				CLANG_CXX_LANGUAGE_STANDARD = "gnu++20";
				CODE_SIGN_IDENTITY = "Apple Development";
				CODE_SIGN_STYLE = Automatic;
				CURRENT_PROJECT_VERSION = 1;
				DEVELOPMENT_TEAM = PU5HXZ4FZ2;
				GENERATE_INFOPLIST_FILE = YES;
				INFOPLIST_FILE = OpenInAction/Info.plist;
				INFOPLIST_KEY_CFBundleDisplayName = "Open In Penguin";
				INFOPLIST_KEY_NSHumanReadableCopyright = "Copyright © 2023 Apple. All rights reserved.";
				IPHONEOS_DEPLOYMENT_TARGET = 16.2;
				LD_RUNPATH_SEARCH_PATHS = (
					"$(inherited)",
					"@executable_path/Frameworks",
					"@executable_path/../../Frameworks",
				);
				MARKETING_VERSION = 1.2.0;
				PRODUCT_BUNDLE_IDENTIFIER = com.zunda.penguin.openinpenguin;
				PRODUCT_NAME = "$(TARGET_NAME)";
				SDKROOT = iphoneos;
				SKIP_INSTALL = YES;
				SWIFT_EMIT_LOC_STRINGS = YES;
				SWIFT_VERSION = 5.0;
				TARGETED_DEVICE_FAMILY = "1,2";
				VALIDATE_PRODUCT = YES;
			};
			name = Release;
		};
		E0C37BCE2823189D007B925B /* Debug */ = {
			isa = XCBuildConfiguration;
			buildSettings = {
				ALWAYS_SEARCH_USER_PATHS = NO;
				CLANG_ANALYZER_LOCALIZABILITY_NONLOCALIZED = YES;
				CLANG_ANALYZER_NONNULL = YES;
				CLANG_ANALYZER_NUMBER_OBJECT_CONVERSION = YES_AGGRESSIVE;
				CLANG_CXX_LANGUAGE_STANDARD = "gnu++17";
				CLANG_ENABLE_MODULES = YES;
				CLANG_ENABLE_OBJC_ARC = YES;
				CLANG_ENABLE_OBJC_WEAK = YES;
				CLANG_WARN_BLOCK_CAPTURE_AUTORELEASING = YES;
				CLANG_WARN_BOOL_CONVERSION = YES;
				CLANG_WARN_COMMA = YES;
				CLANG_WARN_CONSTANT_CONVERSION = YES;
				CLANG_WARN_DEPRECATED_OBJC_IMPLEMENTATIONS = YES;
				CLANG_WARN_DIRECT_OBJC_ISA_USAGE = YES_ERROR;
				CLANG_WARN_DOCUMENTATION_COMMENTS = YES;
				CLANG_WARN_EMPTY_BODY = YES;
				CLANG_WARN_ENUM_CONVERSION = YES;
				CLANG_WARN_INFINITE_RECURSION = YES;
				CLANG_WARN_INT_CONVERSION = YES;
				CLANG_WARN_NON_LITERAL_NULL_CONVERSION = YES;
				CLANG_WARN_OBJC_IMPLICIT_RETAIN_SELF = YES;
				CLANG_WARN_OBJC_LITERAL_CONVERSION = YES;
				CLANG_WARN_OBJC_ROOT_CLASS = YES_ERROR;
				CLANG_WARN_QUOTED_INCLUDE_IN_FRAMEWORK_HEADER = YES;
				CLANG_WARN_RANGE_LOOP_ANALYSIS = YES;
				CLANG_WARN_STRICT_PROTOTYPES = YES;
				CLANG_WARN_SUSPICIOUS_MOVE = YES;
				CLANG_WARN_UNGUARDED_AVAILABILITY = YES_AGGRESSIVE;
				CLANG_WARN_UNREACHABLE_CODE = YES;
				CLANG_WARN__DUPLICATE_METHOD_MATCH = YES;
				COPY_PHASE_STRIP = NO;
				DEAD_CODE_STRIPPING = YES;
				DEBUG_INFORMATION_FORMAT = dwarf;
				ENABLE_STRICT_OBJC_MSGSEND = YES;
				ENABLE_TESTABILITY = YES;
				GCC_C_LANGUAGE_STANDARD = gnu11;
				GCC_DYNAMIC_NO_PIC = NO;
				GCC_NO_COMMON_BLOCKS = YES;
				GCC_OPTIMIZATION_LEVEL = 0;
				GCC_PREPROCESSOR_DEFINITIONS = (
					"DEBUG=1",
					"$(inherited)",
				);
				GCC_WARN_64_TO_32_BIT_CONVERSION = YES;
				GCC_WARN_ABOUT_RETURN_TYPE = YES_ERROR;
				GCC_WARN_UNDECLARED_SELECTOR = YES;
				GCC_WARN_UNINITIALIZED_AUTOS = YES_AGGRESSIVE;
				GCC_WARN_UNUSED_FUNCTION = YES;
				GCC_WARN_UNUSED_VARIABLE = YES;
				MTL_ENABLE_DEBUG_INFO = INCLUDE_SOURCE;
				MTL_FAST_MATH = YES;
				ONLY_ACTIVE_ARCH = YES;
				SWIFT_ACTIVE_COMPILATION_CONDITIONS = DEBUG;
				SWIFT_OPTIMIZATION_LEVEL = "-Onone";
				VALIDATE_WORKSPACE = NO;
			};
			name = Debug;
		};
		E0C37BCF2823189D007B925B /* Release */ = {
			isa = XCBuildConfiguration;
			buildSettings = {
				ALWAYS_SEARCH_USER_PATHS = NO;
				CLANG_ANALYZER_LOCALIZABILITY_NONLOCALIZED = YES;
				CLANG_ANALYZER_NONNULL = YES;
				CLANG_ANALYZER_NUMBER_OBJECT_CONVERSION = YES_AGGRESSIVE;
				CLANG_CXX_LANGUAGE_STANDARD = "gnu++17";
				CLANG_ENABLE_MODULES = YES;
				CLANG_ENABLE_OBJC_ARC = YES;
				CLANG_ENABLE_OBJC_WEAK = YES;
				CLANG_WARN_BLOCK_CAPTURE_AUTORELEASING = YES;
				CLANG_WARN_BOOL_CONVERSION = YES;
				CLANG_WARN_COMMA = YES;
				CLANG_WARN_CONSTANT_CONVERSION = YES;
				CLANG_WARN_DEPRECATED_OBJC_IMPLEMENTATIONS = YES;
				CLANG_WARN_DIRECT_OBJC_ISA_USAGE = YES_ERROR;
				CLANG_WARN_DOCUMENTATION_COMMENTS = YES;
				CLANG_WARN_EMPTY_BODY = YES;
				CLANG_WARN_ENUM_CONVERSION = YES;
				CLANG_WARN_INFINITE_RECURSION = YES;
				CLANG_WARN_INT_CONVERSION = YES;
				CLANG_WARN_NON_LITERAL_NULL_CONVERSION = YES;
				CLANG_WARN_OBJC_IMPLICIT_RETAIN_SELF = YES;
				CLANG_WARN_OBJC_LITERAL_CONVERSION = YES;
				CLANG_WARN_OBJC_ROOT_CLASS = YES_ERROR;
				CLANG_WARN_QUOTED_INCLUDE_IN_FRAMEWORK_HEADER = YES;
				CLANG_WARN_RANGE_LOOP_ANALYSIS = YES;
				CLANG_WARN_STRICT_PROTOTYPES = YES;
				CLANG_WARN_SUSPICIOUS_MOVE = YES;
				CLANG_WARN_UNGUARDED_AVAILABILITY = YES_AGGRESSIVE;
				CLANG_WARN_UNREACHABLE_CODE = YES;
				CLANG_WARN__DUPLICATE_METHOD_MATCH = YES;
				COPY_PHASE_STRIP = NO;
				DEAD_CODE_STRIPPING = YES;
				DEBUG_INFORMATION_FORMAT = "dwarf-with-dsym";
				ENABLE_NS_ASSERTIONS = NO;
				ENABLE_STRICT_OBJC_MSGSEND = YES;
				GCC_C_LANGUAGE_STANDARD = gnu11;
				GCC_NO_COMMON_BLOCKS = YES;
				GCC_WARN_64_TO_32_BIT_CONVERSION = YES;
				GCC_WARN_ABOUT_RETURN_TYPE = YES_ERROR;
				GCC_WARN_UNDECLARED_SELECTOR = YES;
				GCC_WARN_UNINITIALIZED_AUTOS = YES_AGGRESSIVE;
				GCC_WARN_UNUSED_FUNCTION = YES;
				GCC_WARN_UNUSED_VARIABLE = YES;
				MTL_ENABLE_DEBUG_INFO = NO;
				MTL_FAST_MATH = YES;
				SWIFT_COMPILATION_MODE = wholemodule;
				SWIFT_OPTIMIZATION_LEVEL = "-O";
				VALIDATE_WORKSPACE = NO;
			};
			name = Release;
		};
		E0C37BD12823189D007B925B /* Debug */ = {
			isa = XCBuildConfiguration;
			buildSettings = {
				ALLOW_TARGET_PLATFORM_SPECIALIZATION = YES;
				ALWAYS_EMBED_SWIFT_STANDARD_LIBRARIES = YES;
				ASSETCATALOG_COMPILER_ALTERNATE_APPICON_NAMES = AppIcon1;
				ASSETCATALOG_COMPILER_APPICON_NAME = AppIcon;
				ASSETCATALOG_COMPILER_GLOBAL_ACCENT_COLOR_NAME = AccentColor;
				CODE_SIGN_ENTITLEMENTS = App/Penguin.entitlements;
				CODE_SIGN_IDENTITY = "Apple Development";
				CODE_SIGN_STYLE = Automatic;
				CURRENT_PROJECT_VERSION = 1;
				DEAD_CODE_STRIPPING = YES;
				DEBUG_INFORMATION_FORMAT = "dwarf-with-dsym";
				DEVELOPMENT_ASSET_PATHS = "";
				DEVELOPMENT_TEAM = PU5HXZ4FZ2;
				ENABLE_HARDENED_RUNTIME = NO;
				ENABLE_PREVIEWS = YES;
				GENERATE_INFOPLIST_FILE = YES;
				INFOPLIST_FILE = App/Info.plist;
				INFOPLIST_KEY_LSApplicationCategoryType = "public.app-category.social-networking";
				INFOPLIST_KEY_NSSupportsLiveActivities = YES;
				INFOPLIST_KEY_UILaunchScreen_Generation = YES;
				"INFOPLIST_KEY_UILaunchScreen_Generation[sdk=iphone*]" = YES;
				INFOPLIST_KEY_UISupportedInterfaceOrientations = "UIInterfaceOrientationLandscapeLeft UIInterfaceOrientationLandscapeRight UIInterfaceOrientationPortrait";
				INFOPLIST_KEY_UISupportedInterfaceOrientations_iPad = "UIInterfaceOrientationLandscapeLeft UIInterfaceOrientationLandscapeRight UIInterfaceOrientationPortrait UIInterfaceOrientationPortraitUpsideDown";
				IPHONEOS_DEPLOYMENT_TARGET = 16.2;
				LD_RUNPATH_SEARCH_PATHS = "@executable_path/Frameworks";
				"LD_RUNPATH_SEARCH_PATHS[sdk=macosx*]" = "@executable_path/../Frameworks";
				MACOSX_DEPLOYMENT_TARGET = 13.1;
				MARKETING_VERSION = 1.2.0;
				PRODUCT_BUNDLE_IDENTIFIER = com.zunda.penguin;
				PRODUCT_NAME = "$(TARGET_NAME)";
				PROVISIONING_PROFILE_SPECIFIER = "";
				SDKROOT = auto;
				SUPPORTED_PLATFORMS = "iphoneos iphonesimulator macosx";
				SWIFT_EMIT_LOC_STRINGS = YES;
				SWIFT_VERSION = 5.0;
				TARGETED_DEVICE_FAMILY = "1,2";
			};
			name = Debug;
		};
		E0C37BD22823189D007B925B /* Release */ = {
			isa = XCBuildConfiguration;
			buildSettings = {
				ALLOW_TARGET_PLATFORM_SPECIALIZATION = YES;
				ALWAYS_EMBED_SWIFT_STANDARD_LIBRARIES = YES;
				ASSETCATALOG_COMPILER_ALTERNATE_APPICON_NAMES = AppIcon1;
				ASSETCATALOG_COMPILER_APPICON_NAME = AppIcon;
				ASSETCATALOG_COMPILER_GLOBAL_ACCENT_COLOR_NAME = AccentColor;
				CODE_SIGN_ENTITLEMENTS = App/Penguin.entitlements;
				CODE_SIGN_IDENTITY = "Apple Development";
				CODE_SIGN_STYLE = Automatic;
				CURRENT_PROJECT_VERSION = 1;
				DEAD_CODE_STRIPPING = YES;
				DEVELOPMENT_ASSET_PATHS = "";
				DEVELOPMENT_TEAM = PU5HXZ4FZ2;
				ENABLE_HARDENED_RUNTIME = NO;
				ENABLE_PREVIEWS = YES;
				GENERATE_INFOPLIST_FILE = YES;
				INFOPLIST_FILE = App/Info.plist;
				INFOPLIST_KEY_LSApplicationCategoryType = "public.app-category.social-networking";
				INFOPLIST_KEY_NSSupportsLiveActivities = YES;
				INFOPLIST_KEY_UILaunchScreen_Generation = YES;
				"INFOPLIST_KEY_UILaunchScreen_Generation[sdk=iphone*]" = YES;
				INFOPLIST_KEY_UISupportedInterfaceOrientations = "UIInterfaceOrientationLandscapeLeft UIInterfaceOrientationLandscapeRight UIInterfaceOrientationPortrait";
				INFOPLIST_KEY_UISupportedInterfaceOrientations_iPad = "UIInterfaceOrientationLandscapeLeft UIInterfaceOrientationLandscapeRight UIInterfaceOrientationPortrait UIInterfaceOrientationPortraitUpsideDown";
				IPHONEOS_DEPLOYMENT_TARGET = 16.2;
				LD_RUNPATH_SEARCH_PATHS = "@executable_path/Frameworks";
				"LD_RUNPATH_SEARCH_PATHS[sdk=macosx*]" = "@executable_path/../Frameworks";
				MACOSX_DEPLOYMENT_TARGET = 13.1;
				MARKETING_VERSION = 1.2.0;
				PRODUCT_BUNDLE_IDENTIFIER = com.zunda.penguin;
				PRODUCT_NAME = "$(TARGET_NAME)";
				PROVISIONING_PROFILE_SPECIFIER = "";
				SDKROOT = auto;
				SUPPORTED_PLATFORMS = "iphoneos iphonesimulator macosx";
				SWIFT_EMIT_LOC_STRINGS = YES;
				SWIFT_VERSION = 5.0;
				TARGETED_DEVICE_FAMILY = "1,2";
			};
			name = Release;
		};
/* End XCBuildConfiguration section */

/* Begin XCConfigurationList section */
		2E271EBB29742F68002B93CC /* Build configuration list for PBXNativeTarget "Widgets" */ = {
			isa = XCConfigurationList;
			buildConfigurations = (
				2E271EBC29742F68002B93CC /* Debug */,
				2E271EBD29742F68002B93CC /* Release */,
			);
			defaultConfigurationIsVisible = 0;
			defaultConfigurationName = Release;
		};
		2E271F0829744AE1002B93CC /* Build configuration list for PBXNativeTarget "TweetIntent" */ = {
			isa = XCConfigurationList;
			buildConfigurations = (
				2E271F0629744AE1002B93CC /* Debug */,
				2E271F0729744AE1002B93CC /* Release */,
			);
			defaultConfigurationIsVisible = 0;
			defaultConfigurationName = Release;
		};
		2E56135A2989FAC8006CB14F /* Build configuration list for PBXNativeTarget "OpenInPenguin" */ = {
			isa = XCConfigurationList;
			buildConfigurations = (
				2E5613582989FAC8006CB14F /* Debug */,
				2E5613592989FAC8006CB14F /* Release */,
			);
			defaultConfigurationIsVisible = 0;
			defaultConfigurationName = Release;
		};
		E0C37BBC2823189A007B925B /* Build configuration list for PBXProject "Penguin" */ = {
			isa = XCConfigurationList;
			buildConfigurations = (
				E0C37BCE2823189D007B925B /* Debug */,
				E0C37BCF2823189D007B925B /* Release */,
			);
			defaultConfigurationIsVisible = 0;
			defaultConfigurationName = Release;
		};
		E0C37BD02823189D007B925B /* Build configuration list for PBXNativeTarget "Penguin" */ = {
			isa = XCConfigurationList;
			buildConfigurations = (
				E0C37BD12823189D007B925B /* Debug */,
				E0C37BD22823189D007B925B /* Release */,
			);
			defaultConfigurationIsVisible = 0;
			defaultConfigurationName = Release;
		};
/* End XCConfigurationList section */

/* Begin XCSwiftPackageProductDependency section */
		2E271EBE297437FB002B93CC /* PenguinKit */ = {
			isa = XCSwiftPackageProductDependency;
			productName = PenguinKit;
		};
		2E271F0929744D7F002B93CC /* PenguinKit */ = {
			isa = XCSwiftPackageProductDependency;
			productName = PenguinKit;
		};
		E0C37BDE28232B8B007B925B /* PenguinKit */ = {
			isa = XCSwiftPackageProductDependency;
			productName = PenguinKit;
		};
/* End XCSwiftPackageProductDependency section */
	};
	rootObject = E0C37BB92823189A007B925B /* Project object */;
}
