{
  "pins" : [
    {
      "identity" : "attributedtext",
      "kind" : "remoteSourceControl",
      "location" : "https://github.com/zunda-pixel/AttributedText",
      "state" : {
        "revision" : "87f02d8bbeff24da9c91323d31e15ab80bf8d89c",
        "version" : "2.0.4"
      }
    },
    {
      "identity" : "bettersafariview",
      "kind" : "remoteSourceControl",
      "location" : "https://github.com/stleamist/BetterSafariView",
      "state" : {
        "revision" : "dffd42bc70287e761979bc81dd278db5c80f0deb",
        "version" : "2.4.1"
      }
    },
    {
      "identity" : "chatbubble",
      "kind" : "remoteSourceControl",
      "location" : "https://github.com/zunda-pixel/ChatBubble",
      "state" : {
        "revision" : "5629065eeb6b5addf2089f2b79fb6f8a4e36bf69",
        "version" : "1.0.1"
      }
    },
    {
      "identity" : "genenvcode",
      "kind" : "remoteSourceControl",
      "location" : "https://github.com/zunda-pixel/GenEnvCode",
      "state" : {
        "branch" : "remove-private",
        "revision" : "d977941608730cbff3b5fe30e86a1f716d83325b"
      }
    },
    {
      "identity" : "htmlstring",
      "kind" : "remoteSourceControl",
      "location" : "https://github.com/alexisakers/HTMLString",
      "state" : {
        "revision" : "04613a3b0f40a91e554b5174c0a10657f1a26357",
        "version" : "6.0.1"
      }
    },
    {
      "identity" : "httpclient",
      "kind" : "remoteSourceControl",
      "location" : "https://github.com/zunda-pixel/HTTPClient",
      "state" : {
        "revision" : "843a1416003cf7ad8ff1bdd30219ffafa757c350",
        "version" : "1.4.2"
      }
    },
    {
      "identity" : "httpmethod",
      "kind" : "remoteSourceControl",
      "location" : "https://github.com/thii/HTTPMethod",
      "state" : {
        "revision" : "5cb356f4cdd00f1c79f52250f697a4007be22d55",
        "version" : "0.1.0"
      }
    },
    {
      "identity" : "keychainaccess",
      "kind" : "remoteSourceControl",
      "location" : "https://github.com/tonyarnold/KeychainAccess",
      "state" : {
        "branch" : "fix-macos-10-11-warning",
        "revision" : "e0bf951dd802598b1ba43c7285321952c63bf14a"
      }
    },
    {
      "identity" : "kingfisher",
      "kind" : "remoteSourceControl",
      "location" : "https://github.com/onevcat/Kingfisher",
      "state" : {
        "branch" : "master",
        "revision" : "c99f00cd21bfc70d4659a463d883a0510718984f"
      }
    },
    {
      "identity" : "licenseview",
      "kind" : "remoteSourceControl",
      "location" : "https://github.com/zunda-pixel/LicenseView",
      "state" : {
        "revision" : "4dde1ce6ffe896b65092805b6afe624079cee632",
        "version" : "1.0.4"
      }
    },
    {
      "identity" : "node",
      "kind" : "remoteSourceControl",
      "location" : "https://github.com/zunda-pixel/Node",
      "state" : {
        "revision" : "0a0b9e4c4a5fefbc8cfc75d518594069f983059d",
        "version" : "1.0.1"
      }
    },
    {
      "identity" : "oauth1",
      "kind" : "remoteSourceControl",
      "location" : "https://github.com/zunda-pixel/OAuth1",
      "state" : {
        "revision" : "f96a150dfdcf2d77cf0e66050485d354e18bc01a",
        "version" : "1.0.6"
      }
    },
    {
      "identity" : "sweet",
      "kind" : "remoteSourceControl",
      "location" : "https://github.com/zunda-pixel/Sweet",
      "state" : {
        "revision" : "c20e53b37299166b3af00d51641f6ddffba88615",
        "version" : "2.3.8"
      }
    },
    {
      "identity" : "swift-algorithms",
      "kind" : "remoteSourceControl",
      "location" : "https://github.com/apple/swift-algorithms",
      "state" : {
        "branch" : "main",
        "revision" : "288d8b00f2d7d746dce8997124f4a7d902100af7"
      }
    },
    {
      "identity" : "swift-argument-parser",
      "kind" : "remoteSourceControl",
      "location" : "https://github.com/apple/swift-argument-parser.git",
      "state" : {
        "revision" : "9f39744e025c7d377987f30b03770805dcb0bcd1",
        "version" : "1.1.4"
      }
    },
    {
      "identity" : "swift-collections",
      "kind" : "remoteSourceControl",
      "location" : "https://github.com/apple/swift-collections",
      "state" : {
        "branch" : "release/1.1",
        "revision" : "992e0f3446b4f608f5ead9dd6edc92f6bbc0b0a0"
      }
    },
    {
      "identity" : "swift-format",
      "kind" : "remoteSourceControl",
      "location" : "https://github.com/apple/swift-format",
      "state" : {
        "revision" : "3330aaa0a97fe07e764a4dc9bb032b23df3a948f",
        "version" : "508.0.0"
      }
    },
    {
      "identity" : "swift-numerics",
      "kind" : "remoteSourceControl",
      "location" : "https://github.com/apple/swift-numerics",
      "state" : {
        "revision" : "0a5bc04095a675662cf24757cc0640aa2204253b",
        "version" : "1.0.2"
      }
    },
    {
      "identity" : "swift-syntax",
      "kind" : "remoteSourceControl",
      "location" : "https://github.com/apple/swift-syntax.git",
      "state" : {
        "revision" : "cd793adf5680e138bf2bcbaacc292490175d0dcd",
        "version" : "508.0.0"
      }
    },
    {
      "identity" : "swift-system",
      "kind" : "remoteSourceControl",
      "location" : "https://github.com/apple/swift-system.git",
      "state" : {
        "revision" : "836bc4557b74fe6d2660218d56e3ce96aff76574",
        "version" : "1.1.1"
      }
    },
    {
      "identity" : "swift-tools-support-core",
      "kind" : "remoteSourceControl",
      "location" : "https://github.com/apple/swift-tools-support-core.git",
      "state" : {
        "revision" : "93784c59434dbca8e8a9e4b700d0d6d94551da6a",
        "version" : "0.5.2"
      }
    }
  ],
  "version" : 2
}
