{
  "pins" : [
    {
      "identity" : "attributedtext",
      "kind" : "remoteSourceControl",
      "location" : "https://github.com/zunda-pixel/AttributedText",
      "state" : {
        "revision" : "87f02d8bbeff24da9c91323d31e15ab80bf8d89c",
        "version" : "2.0.4"
      }
    },
    {
      "identity" : "bettersafariview",
      "kind" : "remoteSourceControl",
      "location" : "https://github.com/stleamist/BetterSafariView",
      "state" : {
        "revision" : "dffd42bc70287e761979bc81dd278db5c80f0deb",
        "version" : "2.4.1"
      }
    },
    {
      "identity" : "chatbubble",
      "kind" : "remoteSourceControl",
      "location" : "https://github.com/zunda-pixel/ChatBubble",
      "state" : {
        "revision" : "5629065eeb6b5addf2089f2b79fb6f8a4e36bf69",
        "version" : "1.0.1"
      }
    },
    {
      "identity" : "htmlstring",
      "kind" : "remoteSourceControl",
      "location" : "https://github.com/alexisakers/HTMLString",
      "state" : {
        "revision" : "04613a3b0f40a91e554b5174c0a10657f1a26357",
        "version" : "6.0.1"
      }
    },
    {
      "identity" : "httpclient",
      "kind" : "remoteSourceControl",
      "location" : "https://github.com/zunda-pixel/HTTPClient",
      "state" : {
        "revision" : "843a1416003cf7ad8ff1bdd30219ffafa757c350",
        "version" : "1.4.2"
      }
    },
    {
      "identity" : "httpmethod",
      "kind" : "remoteSourceControl",
      "location" : "https://github.com/thii/HTTPMethod",
      "state" : {
        "revision" : "5cb356f4cdd00f1c79f52250f697a4007be22d55",
        "version" : "0.1.0"
      }
    },
    {
      "identity" : "keychainaccess",
      "kind" : "remoteSourceControl",
      "location" : "https://github.com/zunda-pixel/KeychainAccess",
      "state" : {
        "branch" : "remove-unnecessary-check-for-macOS",
        "revision" : "c63404c0604220d0f82dbc103de07ace0e513c3a"
      }
    },
    {
      "identity" : "kingfisher",
      "kind" : "remoteSourceControl",
      "location" : "https://github.com/zunda-pixel/Kingfisher",
      "state" : {
        "branch" : "fix-warnig-swift6",
        "revision" : "e751ee288b1d02b45463b54b08147ac794d7e142"
      }
    },
    {
      "identity" : "licenseview",
      "kind" : "remoteSourceControl",
      "location" : "https://github.com/zunda-pixel/LicenseView",
      "state" : {
        "revision" : "fb886042a9a63ee53c96d3406ea0114275214809",
        "version" : "1.0.2"
      }
    },
    {
      "identity" : "node",
      "kind" : "remoteSourceControl",
      "location" : "https://github.com/zunda-pixel/Node",
      "state" : {
        "revision" : "0a0b9e4c4a5fefbc8cfc75d518594069f983059d",
        "version" : "1.0.1"
      }
    },
    {
      "identity" : "oauth1",
      "kind" : "remoteSourceControl",
      "location" : "https://github.com/zunda-pixel/OAuth1",
      "state" : {
        "revision" : "f96a150dfdcf2d77cf0e66050485d354e18bc01a",
        "version" : "1.0.6"
      }
    },
    {
      "identity" : "sweet",
      "kind" : "remoteSourceControl",
      "location" : "https://github.com/zunda-pixel/Sweet",
      "state" : {
        "revision" : "196419baef6c3789b6d5880ff5c565b1a1d4013e",
        "version" : "2.3.3"
      }
    },
    {
      "identity" : "swift-algorithms",
      "kind" : "remoteSourceControl",
      "location" : "https://github.com/apple/swift-algorithms",
      "state" : {
        "revision" : "b14b7f4c528c942f121c8b860b9410b2bf57825e",
        "version" : "1.0.0"
      }
    },
    {
      "identity" : "swift-argument-parser",
      "kind" : "remoteSourceControl",
      "location" : "https://github.com/apple/swift-argument-parser.git",
      "state" : {
        "revision" : "9f39744e025c7d377987f30b03770805dcb0bcd1",
        "version" : "1.1.4"
      }
    },
    {
      "identity" : "swift-collections",
      "kind" : "remoteSourceControl",
      "location" : "https://github.com/apple/swift-collections",
      "state" : {
        "branch" : "release/1.1",
        "revision" : "c81f73f05a07e3aabfbb8d8d4802deb7ebf2cae8"
      }
    },
    {
      "identity" : "swift-format",
      "kind" : "remoteSourceControl",
      "location" : "https://github.com/apple/swift-format",
      "state" : {
        "revision" : "3330aaa0a97fe07e764a4dc9bb032b23df3a948f",
        "version" : "508.0.0"
      }
    },
    {
      "identity" : "swift-numerics",
      "kind" : "remoteSourceControl",
      "location" : "https://github.com/apple/swift-numerics",
      "state" : {
        "revision" : "0a5bc04095a675662cf24757cc0640aa2204253b",
        "version" : "1.0.2"
      }
    },
    {
      "identity" : "swift-syntax",
      "kind" : "remoteSourceControl",
      "location" : "https://github.com/apple/swift-syntax.git",
      "state" : {
        "revision" : "cd793adf5680e138bf2bcbaacc292490175d0dcd",
        "version" : "508.0.0"
      }
    },
    {
      "identity" : "swift-system",
      "kind" : "remoteSourceControl",
      "location" : "https://github.com/apple/swift-system.git",
      "state" : {
        "revision" : "836bc4557b74fe6d2660218d56e3ce96aff76574",
        "version" : "1.1.1"
      }
    },
    {
      "identity" : "swift-tools-support-core",
      "kind" : "remoteSourceControl",
      "location" : "https://github.com/apple/swift-tools-support-core.git",
      "state" : {
        "revision" : "93784c59434dbca8e8a9e4b700d0d6d94551da6a",
        "version" : "0.5.2"
      }
    }
  ],
  "version" : 2
}
